// !$*UTF8*$!
{
	archiveVersion = 1;
	classes = {
	};
	objectVersion = 46;
	objects = {

/* Begin PBXBuildFile section */
		81A3270D1CE36D3300E0D751 /* AppDelegate.swift in Sources */ = {isa = PBXBuildFile; fileRef = 81A3270C1CE36D3300E0D751 /* AppDelegate.swift */; };
		81A3270F1CE36D3300E0D751 /* ViewController.swift in Sources */ = {isa = PBXBuildFile; fileRef = 81A3270E1CE36D3300E0D751 /* ViewController.swift */; };
		81A327121CE36D3300E0D751 /* Main.storyboard in Resources */ = {isa = PBXBuildFile; fileRef = 81A327101CE36D3300E0D751 /* Main.storyboard */; };
		81A327141CE36D3300E0D751 /* Assets.xcassets in Resources */ = {isa = PBXBuildFile; fileRef = 81A327131CE36D3300E0D751 /* Assets.xcassets */; };
		81A327171CE36D3300E0D751 /* LaunchScreen.storyboard in Resources */ = {isa = PBXBuildFile; fileRef = 81A327151CE36D3300E0D751 /* LaunchScreen.storyboard */; };
		81A327221CE36D3400E0D751 /* EquationSolver2Tests.swift in Sources */ = {isa = PBXBuildFile; fileRef = 81A327211CE36D3400E0D751 /* EquationSolver2Tests.swift */; };
		81A3272D1CE36D3400E0D751 /* EquationSolver2UITests.swift in Sources */ = {isa = PBXBuildFile; fileRef = 81A3272C1CE36D3400E0D751 /* EquationSolver2UITests.swift */; };
/* End PBXBuildFile section */

/* Begin PBXContainerItemProxy section */
		81A3271E1CE36D3300E0D751 /* PBXContainerItemProxy */ = {
			isa = PBXContainerItemProxy;
			containerPortal = 81A327011CE36D3300E0D751 /* Project object */;
			proxyType = 1;
			remoteGlobalIDString = 81A327081CE36D3300E0D751;
			remoteInfo = EquationSolver2;
		};
		81A327291CE36D3400E0D751 /* PBXContainerItemProxy */ = {
			isa = PBXContainerItemProxy;
			containerPortal = 81A327011CE36D3300E0D751 /* Project object */;
			proxyType = 1;
			remoteGlobalIDString = 81A327081CE36D3300E0D751;
			remoteInfo = EquationSolver2;
		};
/* End PBXContainerItemProxy section */

/* Begin PBXFileReference section */
		81A327091CE36D3300E0D751 /* EquationSolver2.app */ = {isa = PBXFileReference; explicitFileType = wrapper.application; includeInIndex = 0; path = EquationSolver2.app; sourceTree = BUILT_PRODUCTS_DIR; };
		81A3270C1CE36D3300E0D751 /* AppDelegate.swift */ = {isa = PBXFileReference; lastKnownFileType = sourcecode.swift; path = AppDelegate.swift; sourceTree = "<group>"; };
		81A3270E1CE36D3300E0D751 /* ViewController.swift */ = {isa = PBXFileReference; lastKnownFileType = sourcecode.swift; path = ViewController.swift; sourceTree = "<group>"; };
		81A327111CE36D3300E0D751 /* Base */ = {isa = PBXFileReference; lastKnownFileType = file.storyboard; name = Base; path = Base.lproj/Main.storyboard; sourceTree = "<group>"; };
		81A327131CE36D3300E0D751 /* Assets.xcassets */ = {isa = PBXFileReference; lastKnownFileType = folder.assetcatalog; path = Assets.xcassets; sourceTree = "<group>"; };
		81A327161CE36D3300E0D751 /* Base */ = {isa = PBXFileReference; lastKnownFileType = file.storyboard; name = Base; path = Base.lproj/LaunchScreen.storyboard; sourceTree = "<group>"; };
		81A327181CE36D3300E0D751 /* Info.plist */ = {isa = PBXFileReference; lastKnownFileType = text.plist.xml; path = Info.plist; sourceTree = "<group>"; };
		81A3271D1CE36D3300E0D751 /* EquationSolver2Tests.xctest */ = {isa = PBXFileReference; explicitFileType = wrapper.cfbundle; includeInIndex = 0; path = EquationSolver2Tests.xctest; sourceTree = BUILT_PRODUCTS_DIR; };
		81A327211CE36D3400E0D751 /* EquationSolver2Tests.swift */ = {isa = PBXFileReference; lastKnownFileType = sourcecode.swift; path = EquationSolver2Tests.swift; sourceTree = "<group>"; };
		81A327231CE36D3400E0D751 /* Info.plist */ = {isa = PBXFileReference; lastKnownFileType = text.plist.xml; path = Info.plist; sourceTree = "<group>"; };
		81A327281CE36D3400E0D751 /* EquationSolver2UITests.xctest */ = {isa = PBXFileReference; explicitFileType = wrapper.cfbundle; includeInIndex = 0; path = EquationSolver2UITests.xctest; sourceTree = BUILT_PRODUCTS_DIR; };
		81A3272C1CE36D3400E0D751 /* EquationSolver2UITests.swift */ = {isa = PBXFileReference; lastKnownFileType = sourcecode.swift; path = EquationSolver2UITests.swift; sourceTree = "<group>"; };
		81A3272E1CE36D3400E0D751 /* Info.plist */ = {isa = PBXFileReference; lastKnownFileType = text.plist.xml; path = Info.plist; sourceTree = "<group>"; };
/* End PBXFileReference section */

/* Begin PBXFrameworksBuildPhase section */
		81A327061CE36D3300E0D751 /* Frameworks */ = {
			isa = PBXFrameworksBuildPhase;
			buildActionMask = 2147483647;
			files = (
			);
			runOnlyForDeploymentPostprocessing = 0;
		};
		81A3271A1CE36D3300E0D751 /* Frameworks */ = {
			isa = PBXFrameworksBuildPhase;
			buildActionMask = 2147483647;
			files = (
			);
			runOnlyForDeploymentPostprocessing = 0;
		};
		81A327251CE36D3400E0D751 /* Frameworks */ = {
			isa = PBXFrameworksBuildPhase;
			buildActionMask = 2147483647;
			files = (
			);
			runOnlyForDeploymentPostprocessing = 0;
		};
/* End PBXFrameworksBuildPhase section */

/* Begin PBXGroup section */
		81A327001CE36D3300E0D751 = {
			isa = PBXGroup;
			children = (
				81A3270B1CE36D3300E0D751 /* EquationSolver2 */,
				81A327201CE36D3400E0D751 /* EquationSolver2Tests */,
				81A3272B1CE36D3400E0D751 /* EquationSolver2UITests */,
				81A3270A1CE36D3300E0D751 /* Products */,
			);
			sourceTree = "<group>";
		};
		81A3270A1CE36D3300E0D751 /* Products */ = {
			isa = PBXGroup;
			children = (
				81A327091CE36D3300E0D751 /* EquationSolver2.app */,
				81A3271D1CE36D3300E0D751 /* EquationSolver2Tests.xctest */,
				81A327281CE36D3400E0D751 /* EquationSolver2UITests.xctest */,
			);
			name = Products;
			sourceTree = "<group>";
		};
		81A3270B1CE36D3300E0D751 /* EquationSolver2 */ = {
			isa = PBXGroup;
			children = (
				81A3270C1CE36D3300E0D751 /* AppDelegate.swift */,
				81A3270E1CE36D3300E0D751 /* ViewController.swift */,
				81A327101CE36D3300E0D751 /* Main.storyboard */,
				81A327131CE36D3300E0D751 /* Assets.xcassets */,
				81A327151CE36D3300E0D751 /* LaunchScreen.storyboard */,
				81A327181CE36D3300E0D751 /* Info.plist */,
			);
			path = EquationSolver2;
			sourceTree = "<group>";
		};
		81A327201CE36D3400E0D751 /* EquationSolver2Tests */ = {
			isa = PBXGroup;
			children = (
				81A327211CE36D3400E0D751 /* EquationSolver2Tests.swift */,
				81A327231CE36D3400E0D751 /* Info.plist */,
			);
			path = EquationSolver2Tests;
			sourceTree = "<group>";
		};
		81A3272B1CE36D3400E0D751 /* EquationSolver2UITests */ = {
			isa = PBXGroup;
			children = (
				81A3272C1CE36D3400E0D751 /* EquationSolver2UITests.swift */,
				81A3272E1CE36D3400E0D751 /* Info.plist */,
			);
			path = EquationSolver2UITests;
			sourceTree = "<group>";
		};
/* End PBXGroup section */

/* Begin PBXNativeTarget section */
		81A327081CE36D3300E0D751 /* EquationSolver2 */ = {
			isa = PBXNativeTarget;
			buildConfigurationList = 81A327311CE36D3400E0D751 /* Build configuration list for PBXNativeTarget "EquationSolver2" */;
			buildPhases = (
				81A327051CE36D3300E0D751 /* Sources */,
				81A327061CE36D3300E0D751 /* Frameworks */,
				81A327071CE36D3300E0D751 /* Resources */,
			);
			buildRules = (
			);
			dependencies = (
			);
			name = EquationSolver2;
			productName = EquationSolver2;
			productReference = 81A327091CE36D3300E0D751 /* EquationSolver2.app */;
			productType = "com.apple.product-type.application";
		};
		81A3271C1CE36D3300E0D751 /* EquationSolver2Tests */ = {
			isa = PBXNativeTarget;
			buildConfigurationList = 81A327341CE36D3400E0D751 /* Build configuration list for PBXNativeTarget "EquationSolver2Tests" */;
			buildPhases = (
				81A327191CE36D3300E0D751 /* Sources */,
				81A3271A1CE36D3300E0D751 /* Frameworks */,
				81A3271B1CE36D3300E0D751 /* Resources */,
			);
			buildRules = (
			);
			dependencies = (
				81A3271F1CE36D3300E0D751 /* PBXTargetDependency */,
			);
			name = EquationSolver2Tests;
			productName = EquationSolver2Tests;
			productReference = 81A3271D1CE36D3300E0D751 /* EquationSolver2Tests.xctest */;
			productType = "com.apple.product-type.bundle.unit-test";
		};
		81A327271CE36D3400E0D751 /* EquationSolver2UITests */ = {
			isa = PBXNativeTarget;
			buildConfigurationList = 81A327371CE36D3400E0D751 /* Build configuration list for PBXNativeTarget "EquationSolver2UITests" */;
			buildPhases = (
				81A327241CE36D3400E0D751 /* Sources */,
				81A327251CE36D3400E0D751 /* Frameworks */,
				81A327261CE36D3400E0D751 /* Resources */,
			);
			buildRules = (
			);
			dependencies = (
				81A3272A1CE36D3400E0D751 /* PBXTargetDependency */,
			);
			name = EquationSolver2UITests;
			productName = EquationSolver2UITests;
			productReference = 81A327281CE36D3400E0D751 /* EquationSolver2UITests.xctest */;
			productType = "com.apple.product-type.bundle.ui-testing";
		};
/* End PBXNativeTarget section */

/* Begin PBXProject section */
		81A327011CE36D3300E0D751 /* Project object */ = {
			isa = PBXProject;
			attributes = {
				LastSwiftUpdateCheck = 0730;
				LastUpgradeCheck = 0730;
				ORGANIZATIONNAME = "Christos Manolis";
				TargetAttributes = {
					81A327081CE36D3300E0D751 = {
						CreatedOnToolsVersion = 7.3;
					};
					81A3271C1CE36D3300E0D751 = {
						CreatedOnToolsVersion = 7.3;
						TestTargetID = 81A327081CE36D3300E0D751;
					};
					81A327271CE36D3400E0D751 = {
						CreatedOnToolsVersion = 7.3;
						TestTargetID = 81A327081CE36D3300E0D751;
					};
				};
			};
			buildConfigurationList = 81A327041CE36D3300E0D751 /* Build configuration list for PBXProject "EquationSolver2" */;
			compatibilityVersion = "Xcode 3.2";
			developmentRegion = English;
			hasScannedForEncodings = 0;
			knownRegions = (
				en,
				Base,
			);
			mainGroup = 81A327001CE36D3300E0D751;
			productRefGroup = 81A3270A1CE36D3300E0D751 /* Products */;
			projectDirPath = "";
			projectRoot = "";
			targets = (
				81A327081CE36D3300E0D751 /* EquationSolver2 */,
				81A3271C1CE36D3300E0D751 /* EquationSolver2Tests */,
				81A327271CE36D3400E0D751 /* EquationSolver2UITests */,
			);
		};
/* End PBXProject section */

/* Begin PBXResourcesBuildPhase section */
		81A327071CE36D3300E0D751 /* Resources */ = {
			isa = PBXResourcesBuildPhase;
			buildActionMask = 2147483647;
			files = (
				81A327171CE36D3300E0D751 /* LaunchScreen.storyboard in Resources */,
				81A327141CE36D3300E0D751 /* Assets.xcassets in Resources */,
				81A327121CE36D3300E0D751 /* Main.storyboard in Resources */,
			);
			runOnlyForDeploymentPostprocessing = 0;
		};
		81A3271B1CE36D3300E0D751 /* Resources */ = {
			isa = PBXResourcesBuildPhase;
			buildActionMask = 2147483647;
			files = (
			);
			runOnlyForDeploymentPostprocessing = 0;
		};
		81A327261CE36D3400E0D751 /* Resources */ = {
			isa = PBXResourcesBuildPhase;
			buildActionMask = 2147483647;
			files = (
			);
			runOnlyForDeploymentPostprocessing = 0;
		};
/* End PBXResourcesBuildPhase section */

/* Begin PBXSourcesBuildPhase section */
		81A327051CE36D3300E0D751 /* Sources */ = {
			isa = PBXSourcesBuildPhase;
			buildActionMask = 2147483647;
			files = (
				81A3270F1CE36D3300E0D751 /* ViewController.swift in Sources */,
				81A3270D1CE36D3300E0D751 /* AppDelegate.swift in Sources */,
			);
			runOnlyForDeploymentPostprocessing = 0;
		};
		81A327191CE36D3300E0D751 /* Sources */ = {
			isa = PBXSourcesBuildPhase;
			buildActionMask = 2147483647;
			files = (
				81A327221CE36D3400E0D751 /* EquationSolver2Tests.swift in Sources */,
			);
			runOnlyForDeploymentPostprocessing = 0;
		};
		81A327241CE36D3400E0D751 /* Sources */ = {
			isa = PBXSourcesBuildPhase;
			buildActionMask = 2147483647;
			files = (
				81A3272D1CE36D3400E0D751 /* EquationSolver2UITests.swift in Sources */,
			);
			runOnlyForDeploymentPostprocessing = 0;
		};
/* End PBXSourcesBuildPhase section */

/* Begin PBXTargetDependency section */
		81A3271F1CE36D3300E0D751 /* PBXTargetDependency */ = {
			isa = PBXTargetDependency;
			target = 81A327081CE36D3300E0D751 /* EquationSolver2 */;
			targetProxy = 81A3271E1CE36D3300E0D751 /* PBXContainerItemProxy */;
		};
		81A3272A1CE36D3400E0D751 /* PBXTargetDependency */ = {
			isa = PBXTargetDependency;
			target = 81A327081CE36D3300E0D751 /* EquationSolver2 */;
			targetProxy = 81A327291CE36D3400E0D751 /* PBXContainerItemProxy */;
		};
/* End PBXTargetDependency section */

/* Begin PBXVariantGroup section */
		81A327101CE36D3300E0D751 /* Main.storyboard */ = {
			isa = PBXVariantGroup;
			children = (
				81A327111CE36D3300E0D751 /* Base */,
			);
			name = Main.storyboard;
			sourceTree = "<group>";
		};
		81A327151CE36D3300E0D751 /* LaunchScreen.storyboard */ = {
			isa = PBXVariantGroup;
			children = (
				81A327161CE36D3300E0D751 /* Base */,
			);
			name = LaunchScreen.storyboard;
			sourceTree = "<group>";
		};
/* End PBXVariantGroup section */

/* Begin XCBuildConfiguration section */
		81A3272F1CE36D3400E0D751 /* Debug */ = {
			isa = XCBuildConfiguration;
			buildSettings = {
				ALWAYS_SEARCH_USER_PATHS = NO;
				CLANG_ANALYZER_NONNULL = YES;
				CLANG_CXX_LANGUAGE_STANDARD = "gnu++0x";
				CLANG_CXX_LIBRARY = "libc++";
				CLANG_ENABLE_MODULES = YES;
				CLANG_ENABLE_OBJC_ARC = YES;
				CLANG_WARN_BOOL_CONVERSION = YES;
				CLANG_WARN_CONSTANT_CONVERSION = YES;
				CLANG_WARN_DIRECT_OBJC_ISA_USAGE = YES_ERROR;
				CLANG_WARN_EMPTY_BODY = YES;
				CLANG_WARN_ENUM_CONVERSION = YES;
				CLANG_WARN_INT_CONVERSION = YES;
				CLANG_WARN_OBJC_ROOT_CLASS = YES_ERROR;
				CLANG_WARN_UNREACHABLE_CODE = YES;
				CLANG_WARN__DUPLICATE_METHOD_MATCH = YES;
				"CODE_SIGN_IDENTITY[sdk=iphoneos*]" = "iPhone Developer";
				COPY_PHASE_STRIP = NO;
				DEBUG_INFORMATION_FORMAT = dwarf;
				ENABLE_STRICT_OBJC_MSGSEND = YES;
				ENABLE_TESTABILITY = YES;
				GCC_C_LANGUAGE_STANDARD = gnu99;
				GCC_DYNAMIC_NO_PIC = NO;
				GCC_NO_COMMON_BLOCKS = YES;
				GCC_OPTIMIZATION_LEVEL = 0;
				GCC_PREPROCESSOR_DEFINITIONS = (
					"DEBUG=1",
					"$(inherited)",
				);
				GCC_WARN_64_TO_32_BIT_CONVERSION = YES;
				GCC_WARN_ABOUT_RETURN_TYPE = YES_ERROR;
				GCC_WARN_UNDECLARED_SELECTOR = YES;
				GCC_WARN_UNINITIALIZED_AUTOS = YES_AGGRESSIVE;
				GCC_WARN_UNUSED_FUNCTION = YES;
				GCC_WARN_UNUSED_VARIABLE = YES;
				IPHONEOS_DEPLOYMENT_TARGET = 9.3;
				MTL_ENABLE_DEBUG_INFO = YES;
				ONLY_ACTIVE_ARCH = YES;
				SDKROOT = iphoneos;
				SWIFT_OPTIMIZATION_LEVEL = "-Onone";
				TARGETED_DEVICE_FAMILY = "1,2";
			};
			name = Debug;
		};
		81A327301CE36D3400E0D751 /* Release */ = {
			isa = XCBuildConfiguration;
			buildSettings = {
				ALWAYS_SEARCH_USER_PATHS = NO;
				CLANG_ANALYZER_NONNULL = YES;
				CLANG_CXX_LANGUAGE_STANDARD = "gnu++0x";
				CLANG_CXX_LIBRARY = "libc++";
				CLANG_ENABLE_MODULES = YES;
				CLANG_ENABLE_OBJC_ARC = YES;
				CLANG_WARN_BOOL_CONVERSION = YES;
				CLANG_WARN_CONSTANT_CONVERSION = YES;
				CLANG_WARN_DIRECT_OBJC_ISA_USAGE = YES_ERROR;
				CLANG_WARN_EMPTY_BODY = YES;
				CLANG_WARN_ENUM_CONVERSION = YES;
				CLANG_WARN_INT_CONVERSION = YES;
				CLANG_WARN_OBJC_ROOT_CLASS = YES_ERROR;
				CLANG_WARN_UNREACHABLE_CODE = YES;
				CLANG_WARN__DUPLICATE_METHOD_MATCH = YES;
				"CODE_SIGN_IDENTITY[sdk=iphoneos*]" = "iPhone Developer";
				COPY_PHASE_STRIP = NO;
				DEBUG_INFORMATION_FORMAT = "dwarf-with-dsym";
				ENABLE_NS_ASSERTIONS = NO;
				ENABLE_STRICT_OBJC_MSGSEND = YES;
				GCC_C_LANGUAGE_STANDARD = gnu99;
				GCC_NO_COMMON_BLOCKS = YES;
				GCC_WARN_64_TO_32_BIT_CONVERSION = YES;
				GCC_WARN_ABOUT_RETURN_TYPE = YES_ERROR;
				GCC_WARN_UNDECLARED_SELECTOR = YES;
				GCC_WARN_UNINITIALIZED_AUTOS = YES_AGGRESSIVE;
				GCC_WARN_UNUSED_FUNCTION = YES;
				GCC_WARN_UNUSED_VARIABLE = YES;
				IPHONEOS_DEPLOYMENT_TARGET = 9.3;
				MTL_ENABLE_DEBUG_INFO = NO;
				SDKROOT = iphoneos;
				TARGETED_DEVICE_FAMILY = "1,2";
				VALIDATE_PRODUCT = YES;
			};
			name = Release;
		};
		81A327321CE36D3400E0D751 /* Debug */ = {
			isa = XCBuildConfiguration;
			buildSettings = {
				ASSETCATALOG_COMPILER_APPICON_NAME = AppIcon;
				INFOPLIST_FILE = EquationSolver2/Info.plist;
				LD_RUNPATH_SEARCH_PATHS = "$(inherited) @executable_path/Frameworks";
				PRODUCT_BUNDLE_IDENTIFIER = BGHS.EquationSolver2;
				PRODUCT_NAME = "$(TARGET_NAME)";
			};
			name = Debug;
		};
		81A327331CE36D3400E0D751 /* Release */ = {
			isa = XCBuildConfiguration;
			buildSettings = {
				ASSETCATALOG_COMPILER_APPICON_NAME = AppIcon;
				INFOPLIST_FILE = EquationSolver2/Info.plist;
				LD_RUNPATH_SEARCH_PATHS = "$(inherited) @executable_path/Frameworks";
				PRODUCT_BUNDLE_IDENTIFIER = BGHS.EquationSolver2;
				PRODUCT_NAME = "$(TARGET_NAME)";
			};
			name = Release;
		};
		81A327351CE36D3400E0D751 /* Debug */ = {
			isa = XCBuildConfiguration;
			buildSettings = {
				BUNDLE_LOADER = "$(TEST_HOST)";
				INFOPLIST_FILE = EquationSolver2Tests/Info.plist;
				LD_RUNPATH_SEARCH_PATHS = "$(inherited) @executable_path/Frameworks @loader_path/Frameworks";
				PRODUCT_BUNDLE_IDENTIFIER = BGHS.EquationSolver2Tests;
				PRODUCT_NAME = "$(TARGET_NAME)";
				TEST_HOST = "$(BUILT_PRODUCTS_DIR)/EquationSolver2.app/EquationSolver2";
			};
			name = Debug;
		};
		81A327361CE36D3400E0D751 /* Release */ = {
			isa = XCBuildConfiguration;
			buildSettings = {
				BUNDLE_LOADER = "$(TEST_HOST)";
				INFOPLIST_FILE = EquationSolver2Tests/Info.plist;
				LD_RUNPATH_SEARCH_PATHS = "$(inherited) @executable_path/Frameworks @loader_path/Frameworks";
				PRODUCT_BUNDLE_IDENTIFIER = BGHS.EquationSolver2Tests;
				PRODUCT_NAME = "$(TARGET_NAME)";
				TEST_HOST = "$(BUILT_PRODUCTS_DIR)/EquationSolver2.app/EquationSolver2";
			};
			name = Release;
		};
		81A327381CE36D3400E0D751 /* Debug */ = {
			isa = XCBuildConfiguration;
			buildSettings = {
				INFOPLIST_FILE = EquationSolver2UITests/Info.plist;
				LD_RUNPATH_SEARCH_PATHS = "$(inherited) @executable_path/Frameworks @loader_path/Frameworks";
				PRODUCT_BUNDLE_IDENTIFIER = BGHS.EquationSolver2UITests;
				PRODUCT_NAME = "$(TARGET_NAME)";
				TEST_TARGET_NAME = EquationSolver2;
			};
			name = Debug;
		};
		81A327391CE36D3400E0D751 /* Release */ = {
			isa = XCBuildConfiguration;
			buildSettings = {
				INFOPLIST_FILE = EquationSolver2UITests/Info.plist;
				LD_RUNPATH_SEARCH_PATHS = "$(inherited) @executable_path/Frameworks @loader_path/Frameworks";
				PRODUCT_BUNDLE_IDENTIFIER = BGHS.EquationSolver2UITests;
				PRODUCT_NAME = "$(TARGET_NAME)";
				TEST_TARGET_NAME = EquationSolver2;
			};
			name = Release;
		};
/* End XCBuildConfiguration section */

/* Begin XCConfigurationList section */
		81A327041CE36D3300E0D751 /* Build configuration list for PBXProject "EquationSolver2" */ = {
			isa = XCConfigurationList;
			buildConfigurations = (
				81A3272F1CE36D3400E0D751 /* Debug */,
				81A327301CE36D3400E0D751 /* Release */,
			);
			defaultConfigurationIsVisible = 0;
			defaultConfigurationName = Release;
		};
		81A327311CE36D3400E0D751 /* Build configuration list for PBXNativeTarget "EquationSolver2" */ = {
			isa = XCConfigurationList;
			buildConfigurations = (
				81A327321CE36D3400E0D751 /* Debug */,
				81A327331CE36D3400E0D751 /* Release */,
			);
			defaultConfigurationIsVisible = 0;
		};
		81A327341CE36D3400E0D751 /* Build configuration list for PBXNativeTarget "EquationSolver2Tests" */ = {
			isa = XCConfigurationList;
			buildConfigurations = (
				81A327351CE36D3400E0D751 /* Debug */,
				81A327361CE36D3400E0D751 /* Release */,
			);
			defaultConfigurationIsVisible = 0;
		};
		81A327371CE36D3400E0D751 /* Build configuration list for PBXNativeTarget "EquationSolver2UITests" */ = {
			isa = XCConfigurationList;
			buildConfigurations = (
				81A327381CE36D3400E0D751 /* Debug */,
				81A327391CE36D3400E0D751 /* Release */,
			);
			defaultConfigurationIsVisible = 0;
		};
/* End XCConfigurationList section */
	};
	rootObject = 81A327011CE36D3300E0D751 /* Project object */;
}
